
Microsoft Visual Studio Solution File, Format Version 12.00
# Visual Studio 15
VisualStudioVersion = 15.0.28307.168
MinimumVisualStudioVersion = 10.0.40219.1
Project("{9A19103F-16F7-4668-BE54-9A1E7A4F7556}") = "Smart.ObjectMapper", "Smart.ObjectMapper\Smart.ObjectMapper.csproj", "{73E3C1CC-801F-47E4-ACB7-885B90A7CAD8}"
EndProject
Project("{9A19103F-16F7-4668-BE54-9A1E7A4F7556}") = "Smart.ObjectMapper.Work", "Smart.ObjectMapper.Work\Smart.ObjectMapper.Work.csproj", "{1DA846FA-B62A-4DB9-B0F1-C2E54D4C9BAF}"
EndProject
Project("{2150E333-8FDC-42A3-9474-1A3956D46DE8}") = "Solution Items", "Solution Items", "{14A11227-5134-4CB3-BF8F-7DEBCB02D53A}"
	ProjectSection(SolutionItems) = preProject
		.editorconfig = .editorconfig
		.gitattributes = .gitattributes
		.gitignore = .gitignore
		Directory.Build.props = Directory.Build.props
		Directory.Build.targets = Directory.Build.targets
		README.md = README.md
		Smart.ObjectMapper.sln.DotSettings = Smart.ObjectMapper.sln.DotSettings
	EndProjectSection
EndProject
Global
	GlobalSection(SolutionConfigurationPlatforms) = preSolution
		Debug|Any CPU = Debug|Any CPU
		Release|Any CPU = Release|Any CPU
	EndGlobalSection
	GlobalSection(ProjectConfigurationPlatforms) = postSolution
		{73E3C1CC-801F-47E4-ACB7-885B90A7CAD8}.Debug|Any CPU.ActiveCfg = Debug|Any CPU
		{73E3C1CC-801F-47E4-ACB7-885B90A7CAD8}.Debug|Any CPU.Build.0 = Debug|Any CPU
		{73E3C1CC-801F-47E4-ACB7-885B90A7CAD8}.Release|Any CPU.ActiveCfg = Release|Any CPU
		{73E3C1CC-801F-47E4-ACB7-885B90A7CAD8}.Release|Any CPU.Build.0 = Release|Any CPU
		{1DA846FA-B62A-4DB9-B0F1-C2E54D4C9BAF}.Debug|Any CPU.ActiveCfg = Debug|Any CPU
		{1DA846FA-B62A-4DB9-B0F1-C2E54D4C9BAF}.Debug|Any CPU.Build.0 = Debug|Any CPU
		{1DA846FA-B62A-4DB9-B0F1-C2E54D4C9BAF}.Release|Any CPU.ActiveCfg = Release|Any CPU
		{1DA846FA-B62A-4DB9-B0F1-C2E54D4C9BAF}.Release|Any CPU.Build.0 = Release|Any CPU
	EndGlobalSection
	GlobalSection(SolutionProperties) = preSolution
		HideSolutionNode = FALSE
	EndGlobalSection
	GlobalSection(ExtensibilityGlobals) = postSolution
		SolutionGuid = {1BB367EA-B890-46E0-B579-7495A11CCDA1}
	EndGlobalSection
EndGlobal
