
Microsoft Visual Studio Solution File, Format Version 12.00
# Visual Studio Version 16
VisualStudioVersion = 16.0.30104.148
MinimumVisualStudioVersion = 10.0.40219.1
Project("{9A19103F-16F7-4668-BE54-9A1E7A4F7556}") = "WorkMapper", "WorkMapper\WorkMapper.csproj", "{51DB94DF-451F-48D6-AA9A-F982D461ACA6}"
EndProject
Project("{2150E333-8FDC-42A3-9474-1A3956D46DE8}") = "Benchmark", "Benchmark", "{B6E74D52-0330-4B42-BC06-2E2265E4BE7B}"
EndProject
Project("{2150E333-8FDC-42A3-9474-1A3956D46DE8}") = "Example", "Example", "{7D1B55D0-3902-47A1-B66D-80C3FF591297}"
EndProject
Project("{9A19103F-16F7-4668-BE54-9A1E7A4F7556}") = "Benchmark", "Benchmark\Benchmark\Benchmark.csproj", "{F0BE381A-30AE-46B1-B489-3D74EB6A413C}"
EndProject
Project("{9A19103F-16F7-4668-BE54-9A1E7A4F7556}") = "FuncTypeBenchmark", "Benchmark\FuncTypeBenchmark\FuncTypeBenchmark.csproj", "{4F4A357B-1AB2-4652-98D0-AF41A0429088}"
EndProject
Project("{9A19103F-16F7-4668-BE54-9A1E7A4F7556}") = "LoopCallBenchmark", "Benchmark\LoopCallBenchmark\LoopCallBenchmark\LoopCallBenchmark.csproj", "{7886751D-928F-4B0B-8D49-E78C5CA4BD24}"
EndProject
Project("{9A19103F-16F7-4668-BE54-9A1E7A4F7556}") = "TypedMapperBenchmark", "Benchmark\TypedMapperBenchmark\TypedMapperBenchmark\TypedMapperBenchmark.csproj", "{77B47724-E833-4736-A37E-561FFF1D354F}"
EndProject
Project("{9A19103F-16F7-4668-BE54-9A1E7A4F7556}") = "CallAbstractBenchmark", "Benchmark\CallAbstractBenchmark\CallAbstractBenchmark.csproj", "{E047C003-6C70-4F72-BAF2-36D436625849}"
EndProject
Project("{9A19103F-16F7-4668-BE54-9A1E7A4F7556}") = "CastCostBenchmark", "Benchmark\CastCostBenchmark\CastCostBenchmark.csproj", "{C7210231-840F-4B5D-9619-E616DA1572C1}"
EndProject
Project("{9A19103F-16F7-4668-BE54-9A1E7A4F7556}") = "ContextCostBenchmark", "Benchmark\ContextCostBenchmark\ContextCostBenchmark.csproj", "{BA152BBC-7F98-40FD-BA84-21881D1C2344}"
EndProject
Project("{9A19103F-16F7-4668-BE54-9A1E7A4F7556}") = "ExampleExpression", "Example\ExampleExpression\ExampleExpression.csproj", "{D46A0F61-82EE-44D7-8046-38550B81FFA9}"
EndProject
Project("{9A19103F-16F7-4668-BE54-9A1E7A4F7556}") = "WorkEmit", "Example\WorkEmit\WorkEmit.csproj", "{0B15ACC7-1B83-4C42-B8CC-7288DBA15E1D}"
EndProject
Project("{9A19103F-16F7-4668-BE54-9A1E7A4F7556}") = "WorkIL", "Example\WorkIL\WorkIL.csproj", "{2AB8B475-0DA6-47C1-89F4-C40447A97262}"
EndProject
Project("{9A19103F-16F7-4668-BE54-9A1E7A4F7556}") = "DispatchBenchmark", "Benchmark\DispatchBenchmark\DispatchBenchmark.csproj", "{1F976FFB-17E4-420F-BB21-470C6FB39F7F}"
EndProject
Project("{9A19103F-16F7-4668-BE54-9A1E7A4F7556}") = "WorkCreateExpression", "Example\WorkCreateExpression\WorkCreateExpression.csproj", "{4FE1B674-7DDF-459A-B20A-B9F437110556}"
EndProject
Project("{9A19103F-16F7-4668-BE54-9A1E7A4F7556}") = "DupBenchmark", "Benchmark\DupBenchmark\DupBenchmark.csproj", "{0505C8C3-42F9-4E55-8FD4-F631E6390989}"
EndProject
Global
	GlobalSection(SolutionConfigurationPlatforms) = preSolution
		Debug|Any CPU = Debug|Any CPU
		Release|Any CPU = Release|Any CPU
	EndGlobalSection
	GlobalSection(ProjectConfigurationPlatforms) = postSolution
		{51DB94DF-451F-48D6-AA9A-F982D461ACA6}.Debug|Any CPU.ActiveCfg = Debug|Any CPU
		{51DB94DF-451F-48D6-AA9A-F982D461ACA6}.Debug|Any CPU.Build.0 = Debug|Any CPU
		{51DB94DF-451F-48D6-AA9A-F982D461ACA6}.Release|Any CPU.ActiveCfg = Release|Any CPU
		{51DB94DF-451F-48D6-AA9A-F982D461ACA6}.Release|Any CPU.Build.0 = Release|Any CPU
		{F0BE381A-30AE-46B1-B489-3D74EB6A413C}.Debug|Any CPU.ActiveCfg = Debug|Any CPU
		{F0BE381A-30AE-46B1-B489-3D74EB6A413C}.Debug|Any CPU.Build.0 = Debug|Any CPU
		{F0BE381A-30AE-46B1-B489-3D74EB6A413C}.Release|Any CPU.ActiveCfg = Release|Any CPU
		{F0BE381A-30AE-46B1-B489-3D74EB6A413C}.Release|Any CPU.Build.0 = Release|Any CPU
		{4F4A357B-1AB2-4652-98D0-AF41A0429088}.Debug|Any CPU.ActiveCfg = Debug|Any CPU
		{4F4A357B-1AB2-4652-98D0-AF41A0429088}.Debug|Any CPU.Build.0 = Debug|Any CPU
		{4F4A357B-1AB2-4652-98D0-AF41A0429088}.Release|Any CPU.ActiveCfg = Release|Any CPU
		{4F4A357B-1AB2-4652-98D0-AF41A0429088}.Release|Any CPU.Build.0 = Release|Any CPU
		{7886751D-928F-4B0B-8D49-E78C5CA4BD24}.Debug|Any CPU.ActiveCfg = Debug|Any CPU
		{7886751D-928F-4B0B-8D49-E78C5CA4BD24}.Debug|Any CPU.Build.0 = Debug|Any CPU
		{7886751D-928F-4B0B-8D49-E78C5CA4BD24}.Release|Any CPU.ActiveCfg = Release|Any CPU
		{7886751D-928F-4B0B-8D49-E78C5CA4BD24}.Release|Any CPU.Build.0 = Release|Any CPU
		{77B47724-E833-4736-A37E-561FFF1D354F}.Debug|Any CPU.ActiveCfg = Debug|Any CPU
		{77B47724-E833-4736-A37E-561FFF1D354F}.Debug|Any CPU.Build.0 = Debug|Any CPU
		{77B47724-E833-4736-A37E-561FFF1D354F}.Release|Any CPU.ActiveCfg = Release|Any CPU
		{77B47724-E833-4736-A37E-561FFF1D354F}.Release|Any CPU.Build.0 = Release|Any CPU
		{E047C003-6C70-4F72-BAF2-36D436625849}.Debug|Any CPU.ActiveCfg = Debug|Any CPU
		{E047C003-6C70-4F72-BAF2-36D436625849}.Debug|Any CPU.Build.0 = Debug|Any CPU
		{E047C003-6C70-4F72-BAF2-36D436625849}.Release|Any CPU.ActiveCfg = Release|Any CPU
		{E047C003-6C70-4F72-BAF2-36D436625849}.Release|Any CPU.Build.0 = Release|Any CPU
		{C7210231-840F-4B5D-9619-E616DA1572C1}.Debug|Any CPU.ActiveCfg = Debug|Any CPU
		{C7210231-840F-4B5D-9619-E616DA1572C1}.Debug|Any CPU.Build.0 = Debug|Any CPU
		{C7210231-840F-4B5D-9619-E616DA1572C1}.Release|Any CPU.ActiveCfg = Release|Any CPU
		{C7210231-840F-4B5D-9619-E616DA1572C1}.Release|Any CPU.Build.0 = Release|Any CPU
		{BA152BBC-7F98-40FD-BA84-21881D1C2344}.Debug|Any CPU.ActiveCfg = Debug|Any CPU
		{BA152BBC-7F98-40FD-BA84-21881D1C2344}.Debug|Any CPU.Build.0 = Debug|Any CPU
		{BA152BBC-7F98-40FD-BA84-21881D1C2344}.Release|Any CPU.ActiveCfg = Release|Any CPU
		{BA152BBC-7F98-40FD-BA84-21881D1C2344}.Release|Any CPU.Build.0 = Release|Any CPU
		{D46A0F61-82EE-44D7-8046-38550B81FFA9}.Debug|Any CPU.ActiveCfg = Debug|Any CPU
		{D46A0F61-82EE-44D7-8046-38550B81FFA9}.Debug|Any CPU.Build.0 = Debug|Any CPU
		{D46A0F61-82EE-44D7-8046-38550B81FFA9}.Release|Any CPU.ActiveCfg = Release|Any CPU
		{D46A0F61-82EE-44D7-8046-38550B81FFA9}.Release|Any CPU.Build.0 = Release|Any CPU
		{0B15ACC7-1B83-4C42-B8CC-7288DBA15E1D}.Debug|Any CPU.ActiveCfg = Debug|Any CPU
		{0B15ACC7-1B83-4C42-B8CC-7288DBA15E1D}.Debug|Any CPU.Build.0 = Debug|Any CPU
		{0B15ACC7-1B83-4C42-B8CC-7288DBA15E1D}.Release|Any CPU.ActiveCfg = Release|Any CPU
		{0B15ACC7-1B83-4C42-B8CC-7288DBA15E1D}.Release|Any CPU.Build.0 = Release|Any CPU
		{2AB8B475-0DA6-47C1-89F4-C40447A97262}.Debug|Any CPU.ActiveCfg = Debug|Any CPU
		{2AB8B475-0DA6-47C1-89F4-C40447A97262}.Debug|Any CPU.Build.0 = Debug|Any CPU
		{2AB8B475-0DA6-47C1-89F4-C40447A97262}.Release|Any CPU.ActiveCfg = Release|Any CPU
		{2AB8B475-0DA6-47C1-89F4-C40447A97262}.Release|Any CPU.Build.0 = Release|Any CPU
		{1F976FFB-17E4-420F-BB21-470C6FB39F7F}.Debug|Any CPU.ActiveCfg = Debug|Any CPU
		{1F976FFB-17E4-420F-BB21-470C6FB39F7F}.Debug|Any CPU.Build.0 = Debug|Any CPU
		{1F976FFB-17E4-420F-BB21-470C6FB39F7F}.Release|Any CPU.ActiveCfg = Release|Any CPU
		{1F976FFB-17E4-420F-BB21-470C6FB39F7F}.Release|Any CPU.Build.0 = Release|Any CPU
		{4FE1B674-7DDF-459A-B20A-B9F437110556}.Debug|Any CPU.ActiveCfg = Debug|Any CPU
		{4FE1B674-7DDF-459A-B20A-B9F437110556}.Debug|Any CPU.Build.0 = Debug|Any CPU
		{4FE1B674-7DDF-459A-B20A-B9F437110556}.Release|Any CPU.ActiveCfg = Release|Any CPU
		{4FE1B674-7DDF-459A-B20A-B9F437110556}.Release|Any CPU.Build.0 = Release|Any CPU
		{0505C8C3-42F9-4E55-8FD4-F631E6390989}.Debug|Any CPU.ActiveCfg = Debug|Any CPU
		{0505C8C3-42F9-4E55-8FD4-F631E6390989}.Debug|Any CPU.Build.0 = Debug|Any CPU
		{0505C8C3-42F9-4E55-8FD4-F631E6390989}.Release|Any CPU.ActiveCfg = Release|Any CPU
		{0505C8C3-42F9-4E55-8FD4-F631E6390989}.Release|Any CPU.Build.0 = Release|Any CPU
	EndGlobalSection
	GlobalSection(SolutionProperties) = preSolution
		HideSolutionNode = FALSE
	EndGlobalSection
	GlobalSection(NestedProjects) = preSolution
		{F0BE381A-30AE-46B1-B489-3D74EB6A413C} = {B6E74D52-0330-4B42-BC06-2E2265E4BE7B}
		{4F4A357B-1AB2-4652-98D0-AF41A0429088} = {B6E74D52-0330-4B42-BC06-2E2265E4BE7B}
		{7886751D-928F-4B0B-8D49-E78C5CA4BD24} = {B6E74D52-0330-4B42-BC06-2E2265E4BE7B}
		{77B47724-E833-4736-A37E-561FFF1D354F} = {B6E74D52-0330-4B42-BC06-2E2265E4BE7B}
		{E047C003-6C70-4F72-BAF2-36D436625849} = {B6E74D52-0330-4B42-BC06-2E2265E4BE7B}
		{C7210231-840F-4B5D-9619-E616DA1572C1} = {B6E74D52-0330-4B42-BC06-2E2265E4BE7B}
		{BA152BBC-7F98-40FD-BA84-21881D1C2344} = {B6E74D52-0330-4B42-BC06-2E2265E4BE7B}
		{D46A0F61-82EE-44D7-8046-38550B81FFA9} = {7D1B55D0-3902-47A1-B66D-80C3FF591297}
		{0B15ACC7-1B83-4C42-B8CC-7288DBA15E1D} = {7D1B55D0-3902-47A1-B66D-80C3FF591297}
		{2AB8B475-0DA6-47C1-89F4-C40447A97262} = {7D1B55D0-3902-47A1-B66D-80C3FF591297}
		{1F976FFB-17E4-420F-BB21-470C6FB39F7F} = {B6E74D52-0330-4B42-BC06-2E2265E4BE7B}
		{4FE1B674-7DDF-459A-B20A-B9F437110556} = {7D1B55D0-3902-47A1-B66D-80C3FF591297}
		{0505C8C3-42F9-4E55-8FD4-F631E6390989} = {B6E74D52-0330-4B42-BC06-2E2265E4BE7B}
	EndGlobalSection
	GlobalSection(ExtensibilityGlobals) = postSolution
		SolutionGuid = {614D2603-E1FA-4ABD-8C19-E164AD4EF857}
	EndGlobalSection
EndGlobal
