
Microsoft Visual Studio Solution File, Format Version 12.00
# Visual Studio 15
VisualStudioVersion = 15.0.28307.489
MinimumVisualStudioVersion = 10.0.40219.1
Project("{9A19103F-16F7-4668-BE54-9A1E7A4F7556}") = "Smart.Mapper", "Smart.Mapper\Smart.Mapper.csproj", "{988B85F8-BB29-437C-A3BD-8FCC435E764B}"
EndProject
Project("{9A19103F-16F7-4668-BE54-9A1E7A4F7556}") = "Smart.Mapper.Benchmark", "Smart.Mapper.Benchmark\Smart.Mapper.Benchmark.csproj", "{6BB3C67F-4915-4585-AD63-237166B94D0A}"
EndProject
Project("{9A19103F-16F7-4668-BE54-9A1E7A4F7556}") = "Smart.Mapper.Test", "Smart.Mapper.Test\Smart.Mapper.Test.csproj", "{4904F22A-B3B7-4AA2-9BFB-9C3E88302811}"
EndProject
Project("{2150E333-8FDC-42A3-9474-1A3956D46DE8}") = "Solution Items", "Solution Items", "{31B9BBC3-17DB-4B94-BD52-CF8E656677F9}"
	ProjectSection(SolutionItems) = preProject
		.editorconfig = .editorconfig
		Directory.Build.props = Directory.Build.props
		Directory.Build.targets = Directory.Build.targets
		Smart.Mapper.nuspec = Smart.Mapper.nuspec
		Smart.Mapper.ruleset = Smart.Mapper.ruleset
	EndProjectSection
EndProject
Global
	GlobalSection(SolutionConfigurationPlatforms) = preSolution
		Debug|Any CPU = Debug|Any CPU
		Release|Any CPU = Release|Any CPU
	EndGlobalSection
	GlobalSection(ProjectConfigurationPlatforms) = postSolution
		{988B85F8-BB29-437C-A3BD-8FCC435E764B}.Debug|Any CPU.ActiveCfg = Debug|Any CPU
		{988B85F8-BB29-437C-A3BD-8FCC435E764B}.Debug|Any CPU.Build.0 = Debug|Any CPU
		{988B85F8-BB29-437C-A3BD-8FCC435E764B}.Release|Any CPU.ActiveCfg = Release|Any CPU
		{988B85F8-BB29-437C-A3BD-8FCC435E764B}.Release|Any CPU.Build.0 = Release|Any CPU
		{6BB3C67F-4915-4585-AD63-237166B94D0A}.Debug|Any CPU.ActiveCfg = Debug|Any CPU
		{6BB3C67F-4915-4585-AD63-237166B94D0A}.Debug|Any CPU.Build.0 = Debug|Any CPU
		{6BB3C67F-4915-4585-AD63-237166B94D0A}.Release|Any CPU.ActiveCfg = Release|Any CPU
		{6BB3C67F-4915-4585-AD63-237166B94D0A}.Release|Any CPU.Build.0 = Release|Any CPU
		{4904F22A-B3B7-4AA2-9BFB-9C3E88302811}.Debug|Any CPU.ActiveCfg = Debug|Any CPU
		{4904F22A-B3B7-4AA2-9BFB-9C3E88302811}.Debug|Any CPU.Build.0 = Debug|Any CPU
		{4904F22A-B3B7-4AA2-9BFB-9C3E88302811}.Release|Any CPU.ActiveCfg = Release|Any CPU
		{4904F22A-B3B7-4AA2-9BFB-9C3E88302811}.Release|Any CPU.Build.0 = Release|Any CPU
	EndGlobalSection
	GlobalSection(SolutionProperties) = preSolution
		HideSolutionNode = FALSE
	EndGlobalSection
	GlobalSection(ExtensibilityGlobals) = postSolution
		SolutionGuid = {A3C1A797-113E-4B01-B0F1-B8812307CAD9}
	EndGlobalSection
EndGlobal
