
Microsoft Visual Studio Solution File, Format Version 12.00
# Visual Studio 15
VisualStudioVersion = 15.0.28307.489
MinimumVisualStudioVersion = 10.0.40219.1
Project("{FAE04EC0-301F-11D3-BF4B-00C04F79EFBC}") = "MapTest.FormsApp.Android", "MapTest.FormsApp\MapTest.FormsApp.Android\MapTest.FormsApp.Android.csproj", "{5755A945-81D6-471F-B1B3-CB7EA8CC93B0}"
EndProject
Project("{FAE04EC0-301F-11D3-BF4B-00C04F79EFBC}") = "MapTest.FormsApp.iOS", "MapTest.FormsApp\MapTest.FormsApp.iOS\MapTest.FormsApp.iOS.csproj", "{282DCA69-A532-4309-82D1-43D8BC607EFA}"
EndProject
Project("{FAE04EC0-301F-11D3-BF4B-00C04F79EFBC}") = "MapTest.FormsApp", "MapTest.FormsApp\MapTest.FormsApp\MapTest.FormsApp.csproj", "{B15A3972-FA56-4517-9D57-5E2F00629F7D}"
EndProject
Global
	GlobalSection(SolutionConfigurationPlatforms) = preSolution
		Ad-Hoc|Any CPU = Ad-Hoc|Any CPU
		Ad-Hoc|iPhone = Ad-Hoc|iPhone
		Ad-Hoc|iPhoneSimulator = Ad-Hoc|iPhoneSimulator
		AppStore|Any CPU = AppStore|Any CPU
		AppStore|iPhone = AppStore|iPhone
		AppStore|iPhoneSimulator = AppStore|iPhoneSimulator
		Debug|Any CPU = Debug|Any CPU
		Debug|iPhone = Debug|iPhone
		Debug|iPhoneSimulator = Debug|iPhoneSimulator
		Release|Any CPU = Release|Any CPU
		Release|iPhone = Release|iPhone
		Release|iPhoneSimulator = Release|iPhoneSimulator
	EndGlobalSection
	GlobalSection(ProjectConfigurationPlatforms) = postSolution
		{5755A945-81D6-471F-B1B3-CB7EA8CC93B0}.Ad-Hoc|Any CPU.ActiveCfg = Release|Any CPU
		{5755A945-81D6-471F-B1B3-CB7EA8CC93B0}.Ad-Hoc|Any CPU.Build.0 = Release|Any CPU
		{5755A945-81D6-471F-B1B3-CB7EA8CC93B0}.Ad-Hoc|Any CPU.Deploy.0 = Release|Any CPU
		{5755A945-81D6-471F-B1B3-CB7EA8CC93B0}.Ad-Hoc|iPhone.ActiveCfg = Release|Any CPU
		{5755A945-81D6-471F-B1B3-CB7EA8CC93B0}.Ad-Hoc|iPhone.Build.0 = Release|Any CPU
		{5755A945-81D6-471F-B1B3-CB7EA8CC93B0}.Ad-Hoc|iPhone.Deploy.0 = Release|Any CPU
		{5755A945-81D6-471F-B1B3-CB7EA8CC93B0}.Ad-Hoc|iPhoneSimulator.ActiveCfg = Release|Any CPU
		{5755A945-81D6-471F-B1B3-CB7EA8CC93B0}.Ad-Hoc|iPhoneSimulator.Build.0 = Release|Any CPU
		{5755A945-81D6-471F-B1B3-CB7EA8CC93B0}.Ad-Hoc|iPhoneSimulator.Deploy.0 = Release|Any CPU
		{5755A945-81D6-471F-B1B3-CB7EA8CC93B0}.AppStore|Any CPU.ActiveCfg = Release|Any CPU
		{5755A945-81D6-471F-B1B3-CB7EA8CC93B0}.AppStore|Any CPU.Build.0 = Release|Any CPU
		{5755A945-81D6-471F-B1B3-CB7EA8CC93B0}.AppStore|Any CPU.Deploy.0 = Release|Any CPU
		{5755A945-81D6-471F-B1B3-CB7EA8CC93B0}.AppStore|iPhone.ActiveCfg = Release|Any CPU
		{5755A945-81D6-471F-B1B3-CB7EA8CC93B0}.AppStore|iPhone.Build.0 = Release|Any CPU
		{5755A945-81D6-471F-B1B3-CB7EA8CC93B0}.AppStore|iPhone.Deploy.0 = Release|Any CPU
		{5755A945-81D6-471F-B1B3-CB7EA8CC93B0}.AppStore|iPhoneSimulator.ActiveCfg = Release|Any CPU
		{5755A945-81D6-471F-B1B3-CB7EA8CC93B0}.AppStore|iPhoneSimulator.Build.0 = Release|Any CPU
		{5755A945-81D6-471F-B1B3-CB7EA8CC93B0}.AppStore|iPhoneSimulator.Deploy.0 = Release|Any CPU
		{5755A945-81D6-471F-B1B3-CB7EA8CC93B0}.Debug|Any CPU.ActiveCfg = Debug|Any CPU
		{5755A945-81D6-471F-B1B3-CB7EA8CC93B0}.Debug|Any CPU.Build.0 = Debug|Any CPU
		{5755A945-81D6-471F-B1B3-CB7EA8CC93B0}.Debug|Any CPU.Deploy.0 = Debug|Any CPU
		{5755A945-81D6-471F-B1B3-CB7EA8CC93B0}.Debug|iPhone.ActiveCfg = Debug|Any CPU
		{5755A945-81D6-471F-B1B3-CB7EA8CC93B0}.Debug|iPhone.Build.0 = Debug|Any CPU
		{5755A945-81D6-471F-B1B3-CB7EA8CC93B0}.Debug|iPhone.Deploy.0 = Debug|Any CPU
		{5755A945-81D6-471F-B1B3-CB7EA8CC93B0}.Debug|iPhoneSimulator.ActiveCfg = Debug|Any CPU
		{5755A945-81D6-471F-B1B3-CB7EA8CC93B0}.Debug|iPhoneSimulator.Build.0 = Debug|Any CPU
		{5755A945-81D6-471F-B1B3-CB7EA8CC93B0}.Debug|iPhoneSimulator.Deploy.0 = Debug|Any CPU
		{5755A945-81D6-471F-B1B3-CB7EA8CC93B0}.Release|Any CPU.ActiveCfg = Release|Any CPU
		{5755A945-81D6-471F-B1B3-CB7EA8CC93B0}.Release|Any CPU.Build.0 = Release|Any CPU
		{5755A945-81D6-471F-B1B3-CB7EA8CC93B0}.Release|Any CPU.Deploy.0 = Release|Any CPU
		{5755A945-81D6-471F-B1B3-CB7EA8CC93B0}.Release|iPhone.ActiveCfg = Release|Any CPU
		{5755A945-81D6-471F-B1B3-CB7EA8CC93B0}.Release|iPhone.Build.0 = Release|Any CPU
		{5755A945-81D6-471F-B1B3-CB7EA8CC93B0}.Release|iPhone.Deploy.0 = Release|Any CPU
		{5755A945-81D6-471F-B1B3-CB7EA8CC93B0}.Release|iPhoneSimulator.ActiveCfg = Release|Any CPU
		{5755A945-81D6-471F-B1B3-CB7EA8CC93B0}.Release|iPhoneSimulator.Build.0 = Release|Any CPU
		{5755A945-81D6-471F-B1B3-CB7EA8CC93B0}.Release|iPhoneSimulator.Deploy.0 = Release|Any CPU
		{282DCA69-A532-4309-82D1-43D8BC607EFA}.Ad-Hoc|Any CPU.ActiveCfg = Ad-Hoc|iPhone
		{282DCA69-A532-4309-82D1-43D8BC607EFA}.Ad-Hoc|Any CPU.Build.0 = Ad-Hoc|iPhone
		{282DCA69-A532-4309-82D1-43D8BC607EFA}.Ad-Hoc|Any CPU.Deploy.0 = Ad-Hoc|iPhone
		{282DCA69-A532-4309-82D1-43D8BC607EFA}.Ad-Hoc|iPhone.ActiveCfg = Ad-Hoc|iPhone
		{282DCA69-A532-4309-82D1-43D8BC607EFA}.Ad-Hoc|iPhone.Build.0 = Ad-Hoc|iPhone
		{282DCA69-A532-4309-82D1-43D8BC607EFA}.Ad-Hoc|iPhone.Deploy.0 = Ad-Hoc|iPhone
		{282DCA69-A532-4309-82D1-43D8BC607EFA}.Ad-Hoc|iPhoneSimulator.ActiveCfg = Ad-Hoc|iPhoneSimulator
		{282DCA69-A532-4309-82D1-43D8BC607EFA}.Ad-Hoc|iPhoneSimulator.Build.0 = Ad-Hoc|iPhoneSimulator
		{282DCA69-A532-4309-82D1-43D8BC607EFA}.Ad-Hoc|iPhoneSimulator.Deploy.0 = Ad-Hoc|iPhoneSimulator
		{282DCA69-A532-4309-82D1-43D8BC607EFA}.AppStore|Any CPU.ActiveCfg = AppStore|iPhone
		{282DCA69-A532-4309-82D1-43D8BC607EFA}.AppStore|Any CPU.Build.0 = AppStore|iPhone
		{282DCA69-A532-4309-82D1-43D8BC607EFA}.AppStore|Any CPU.Deploy.0 = AppStore|iPhone
		{282DCA69-A532-4309-82D1-43D8BC607EFA}.AppStore|iPhone.ActiveCfg = AppStore|iPhone
		{282DCA69-A532-4309-82D1-43D8BC607EFA}.AppStore|iPhone.Build.0 = AppStore|iPhone
		{282DCA69-A532-4309-82D1-43D8BC607EFA}.AppStore|iPhone.Deploy.0 = AppStore|iPhone
		{282DCA69-A532-4309-82D1-43D8BC607EFA}.AppStore|iPhoneSimulator.ActiveCfg = AppStore|iPhoneSimulator
		{282DCA69-A532-4309-82D1-43D8BC607EFA}.AppStore|iPhoneSimulator.Build.0 = AppStore|iPhoneSimulator
		{282DCA69-A532-4309-82D1-43D8BC607EFA}.AppStore|iPhoneSimulator.Deploy.0 = AppStore|iPhoneSimulator
		{282DCA69-A532-4309-82D1-43D8BC607EFA}.Debug|Any CPU.ActiveCfg = Debug|iPhoneSimulator
		{282DCA69-A532-4309-82D1-43D8BC607EFA}.Debug|Any CPU.Build.0 = Debug|iPhoneSimulator
		{282DCA69-A532-4309-82D1-43D8BC607EFA}.Debug|Any CPU.Deploy.0 = Debug|iPhoneSimulator
		{282DCA69-A532-4309-82D1-43D8BC607EFA}.Debug|iPhone.ActiveCfg = Debug|iPhone
		{282DCA69-A532-4309-82D1-43D8BC607EFA}.Debug|iPhone.Build.0 = Debug|iPhone
		{282DCA69-A532-4309-82D1-43D8BC607EFA}.Debug|iPhone.Deploy.0 = Debug|iPhone
		{282DCA69-A532-4309-82D1-43D8BC607EFA}.Debug|iPhoneSimulator.ActiveCfg = Debug|iPhoneSimulator
		{282DCA69-A532-4309-82D1-43D8BC607EFA}.Debug|iPhoneSimulator.Build.0 = Debug|iPhoneSimulator
		{282DCA69-A532-4309-82D1-43D8BC607EFA}.Debug|iPhoneSimulator.Deploy.0 = Debug|iPhoneSimulator
		{282DCA69-A532-4309-82D1-43D8BC607EFA}.Release|Any CPU.ActiveCfg = Release|iPhone
		{282DCA69-A532-4309-82D1-43D8BC607EFA}.Release|Any CPU.Build.0 = Release|iPhone
		{282DCA69-A532-4309-82D1-43D8BC607EFA}.Release|Any CPU.Deploy.0 = Release|iPhone
		{282DCA69-A532-4309-82D1-43D8BC607EFA}.Release|iPhone.ActiveCfg = Release|iPhone
		{282DCA69-A532-4309-82D1-43D8BC607EFA}.Release|iPhone.Build.0 = Release|iPhone
		{282DCA69-A532-4309-82D1-43D8BC607EFA}.Release|iPhone.Deploy.0 = Release|iPhone
		{282DCA69-A532-4309-82D1-43D8BC607EFA}.Release|iPhoneSimulator.ActiveCfg = Release|iPhoneSimulator
		{282DCA69-A532-4309-82D1-43D8BC607EFA}.Release|iPhoneSimulator.Build.0 = Release|iPhoneSimulator
		{282DCA69-A532-4309-82D1-43D8BC607EFA}.Release|iPhoneSimulator.Deploy.0 = Release|iPhoneSimulator
		{B15A3972-FA56-4517-9D57-5E2F00629F7D}.Ad-Hoc|Any CPU.ActiveCfg = Debug|Any CPU
		{B15A3972-FA56-4517-9D57-5E2F00629F7D}.Ad-Hoc|Any CPU.Build.0 = Debug|Any CPU
		{B15A3972-FA56-4517-9D57-5E2F00629F7D}.Ad-Hoc|Any CPU.Deploy.0 = Debug|Any CPU
		{B15A3972-FA56-4517-9D57-5E2F00629F7D}.Ad-Hoc|iPhone.ActiveCfg = Debug|Any CPU
		{B15A3972-FA56-4517-9D57-5E2F00629F7D}.Ad-Hoc|iPhone.Build.0 = Debug|Any CPU
		{B15A3972-FA56-4517-9D57-5E2F00629F7D}.Ad-Hoc|iPhone.Deploy.0 = Debug|Any CPU
		{B15A3972-FA56-4517-9D57-5E2F00629F7D}.Ad-Hoc|iPhoneSimulator.ActiveCfg = Debug|Any CPU
		{B15A3972-FA56-4517-9D57-5E2F00629F7D}.Ad-Hoc|iPhoneSimulator.Build.0 = Debug|Any CPU
		{B15A3972-FA56-4517-9D57-5E2F00629F7D}.Ad-Hoc|iPhoneSimulator.Deploy.0 = Debug|Any CPU
		{B15A3972-FA56-4517-9D57-5E2F00629F7D}.AppStore|Any CPU.ActiveCfg = Debug|Any CPU
		{B15A3972-FA56-4517-9D57-5E2F00629F7D}.AppStore|Any CPU.Build.0 = Debug|Any CPU
		{B15A3972-FA56-4517-9D57-5E2F00629F7D}.AppStore|Any CPU.Deploy.0 = Debug|Any CPU
		{B15A3972-FA56-4517-9D57-5E2F00629F7D}.AppStore|iPhone.ActiveCfg = Debug|Any CPU
		{B15A3972-FA56-4517-9D57-5E2F00629F7D}.AppStore|iPhone.Build.0 = Debug|Any CPU
		{B15A3972-FA56-4517-9D57-5E2F00629F7D}.AppStore|iPhone.Deploy.0 = Debug|Any CPU
		{B15A3972-FA56-4517-9D57-5E2F00629F7D}.AppStore|iPhoneSimulator.ActiveCfg = Debug|Any CPU
		{B15A3972-FA56-4517-9D57-5E2F00629F7D}.AppStore|iPhoneSimulator.Build.0 = Debug|Any CPU
		{B15A3972-FA56-4517-9D57-5E2F00629F7D}.AppStore|iPhoneSimulator.Deploy.0 = Debug|Any CPU
		{B15A3972-FA56-4517-9D57-5E2F00629F7D}.Debug|Any CPU.ActiveCfg = Debug|Any CPU
		{B15A3972-FA56-4517-9D57-5E2F00629F7D}.Debug|Any CPU.Build.0 = Debug|Any CPU
		{B15A3972-FA56-4517-9D57-5E2F00629F7D}.Debug|Any CPU.Deploy.0 = Debug|Any CPU
		{B15A3972-FA56-4517-9D57-5E2F00629F7D}.Debug|iPhone.ActiveCfg = Debug|Any CPU
		{B15A3972-FA56-4517-9D57-5E2F00629F7D}.Debug|iPhone.Build.0 = Debug|Any CPU
		{B15A3972-FA56-4517-9D57-5E2F00629F7D}.Debug|iPhone.Deploy.0 = Debug|Any CPU
		{B15A3972-FA56-4517-9D57-5E2F00629F7D}.Debug|iPhoneSimulator.ActiveCfg = Debug|Any CPU
		{B15A3972-FA56-4517-9D57-5E2F00629F7D}.Debug|iPhoneSimulator.Build.0 = Debug|Any CPU
		{B15A3972-FA56-4517-9D57-5E2F00629F7D}.Debug|iPhoneSimulator.Deploy.0 = Debug|Any CPU
		{B15A3972-FA56-4517-9D57-5E2F00629F7D}.Release|Any CPU.ActiveCfg = Release|Any CPU
		{B15A3972-FA56-4517-9D57-5E2F00629F7D}.Release|Any CPU.Build.0 = Release|Any CPU
		{B15A3972-FA56-4517-9D57-5E2F00629F7D}.Release|Any CPU.Deploy.0 = Release|Any CPU
		{B15A3972-FA56-4517-9D57-5E2F00629F7D}.Release|iPhone.ActiveCfg = Release|Any CPU
		{B15A3972-FA56-4517-9D57-5E2F00629F7D}.Release|iPhone.Build.0 = Release|Any CPU
		{B15A3972-FA56-4517-9D57-5E2F00629F7D}.Release|iPhone.Deploy.0 = Release|Any CPU
		{B15A3972-FA56-4517-9D57-5E2F00629F7D}.Release|iPhoneSimulator.ActiveCfg = Release|Any CPU
		{B15A3972-FA56-4517-9D57-5E2F00629F7D}.Release|iPhoneSimulator.Build.0 = Release|Any CPU
		{B15A3972-FA56-4517-9D57-5E2F00629F7D}.Release|iPhoneSimulator.Deploy.0 = Release|Any CPU
	EndGlobalSection
	GlobalSection(SolutionProperties) = preSolution
		HideSolutionNode = FALSE
	EndGlobalSection
	GlobalSection(ExtensibilityGlobals) = postSolution
		SolutionGuid = {436A2833-130B-4D92-B7F4-E09EDF4D2CBE}
	EndGlobalSection
EndGlobal
